
Microsoft Visual Studio Solution File, Format Version 12.00
# Visual Studio Version 17
VisualStudioVersion = 17.4.33020.496
MinimumVisualStudioVersion = 10.0.40219.1
Project("{FAE04EC0-301F-11D3-BF4B-00C04F79EFBC}") = "WinFormsDemoAppruntimeIssue77369", "WinFormsDemoAppruntimeIssue77369\WinFormsDemoAppruntimeIssue77369.csproj", "{D84D9BA9-02D2-4170-9368-3A6521915CA2}"
EndProject
Global
	GlobalSection(SolutionConfigurationPlatforms) = preSolution
		Debug|Any CPU = Debug|Any CPU
		Release|Any CPU = Release|Any CPU
	EndGlobalSection
	GlobalSection(ProjectConfigurationPlatforms) = postSolution
		{D84D9BA9-02D2-4170-9368-3A6521915CA2}.Debug|Any CPU.ActiveCfg = Debug|Any CPU
		{D84D9BA9-02D2-4170-9368-3A6521915CA2}.Debug|Any CPU.Build.0 = Debug|Any CPU
		{D84D9BA9-02D2-4170-9368-3A6521915CA2}.Release|Any CPU.ActiveCfg = Release|Any CPU
		{D84D9BA9-02D2-4170-9368-3A6521915CA2}.Release|Any CPU.Build.0 = Release|Any CPU
	EndGlobalSection
	GlobalSection(SolutionProperties) = preSolution
		HideSolutionNode = FALSE
	EndGlobalSection
	GlobalSection(ExtensibilityGlobals) = postSolution
		SolutionGuid = {235232DB-E364-46D0-A015-A9F622ACF95F}
	EndGlobalSection
EndGlobal
